
Microsoft Visual Studio Solution File, Format Version 12.00
# Visual Studio 15
VisualStudioVersion = 15.0.28307.168
MinimumVisualStudioVersion = 10.0.40219.1
Project("{FAE04EC0-301F-11D3-BF4B-00C04F79EFBC}") = "TestPost", "TestPost\TestPost.csproj", "{3F5E3245-98A3-4EE7-B5BB-D3352BFA314F}"
EndProject
Global
	GlobalSection(SolutionConfigurationPlatforms) = preSolution
		Debug|Any CPU = Debug|Any CPU
		Release|Any CPU = Release|Any CPU
	EndGlobalSection
	GlobalSection(ProjectConfigurationPlatforms) = postSolution
		{3F5E3245-98A3-4EE7-B5BB-D3352BFA314F}.Debug|Any CPU.ActiveCfg = Debug|Any CPU
		{3F5E3245-98A3-4EE7-B5BB-D3352BFA314F}.Debug|Any CPU.Build.0 = Debug|Any CPU
		{3F5E3245-98A3-4EE7-B5BB-D3352BFA314F}.Release|Any CPU.ActiveCfg = Release|Any CPU
		{3F5E3245-98A3-4EE7-B5BB-D3352BFA314F}.Release|Any CPU.Build.0 = Release|Any CPU
	EndGlobalSection
	GlobalSection(SolutionProperties) = preSolution
		HideSolutionNode = FALSE
	EndGlobalSection
	GlobalSection(ExtensibilityGlobals) = postSolution
		SolutionGuid = {3E6FE0E0-F5E8-4DA8-BB10-A41747F2A808}
	EndGlobalSection
EndGlobal
